
Microsoft Visual Studio Solution File, Format Version 12.00
# Visual Studio Version 17
VisualStudioVersion = 17.4.33103.184
MinimumVisualStudioVersion = 10.0.40219.1
Project("{9A19103F-16F7-4668-BE54-9A1E7A4F7556}") = "RabbitMq.Publisher", "RabbitMq.Publisher\RabbitMq.Publisher.csproj", "{D5668E23-4A65-4FA1-A1AD-04EBC011C1B2}"
EndProject
Project("{9A19103F-16F7-4668-BE54-9A1E7A4F7556}") = "RabbitMq.Subcriber", "RabbitMq.Subcriber\RabbitMq.Subcriber.csproj", "{920B580D-4D75-4DA5-90B5-324AD14B4876}"
EndProject
Project("{9A19103F-16F7-4668-BE54-9A1E7A4F7556}") = "Shared", "Shared\Shared.csproj", "{2A352ABF-90BA-4D39-805B-85F6A31B169C}"
EndProject
Project("{9A19103F-16F7-4668-BE54-9A1E7A4F7556}") = "RabbitMq.WaterMarkApp", "RabbitMq.WaterMarkApp\RabbitMq.WaterMarkApp.csproj", "{DBA2D9EE-B1C7-4DDE-A301-D9D4F5B4C9EA}"
EndProject
Project("{9A19103F-16F7-4668-BE54-9A1E7A4F7556}") = "RabbitMq.ExcelCreate", "RabbitMq.ExcelCreate\RabbitMq.ExcelCreate.csproj", "{17540EF6-4739-4E0D-B603-477CC0093164}"
EndProject
Project("{FAE04EC0-301F-11D3-BF4B-00C04F79EFBC}") = "FileCreateWorkerService", "FileCreateWorkerService\FileCreateWorkerService.csproj", "{39B66379-B309-48AA-BA22-107EDAD50336}"
EndProject
Global
	GlobalSection(SolutionConfigurationPlatforms) = preSolution
		Debug|Any CPU = Debug|Any CPU
		Release|Any CPU = Release|Any CPU
	EndGlobalSection
	GlobalSection(ProjectConfigurationPlatforms) = postSolution
		{D5668E23-4A65-4FA1-A1AD-04EBC011C1B2}.Debug|Any CPU.ActiveCfg = Debug|Any CPU
		{D5668E23-4A65-4FA1-A1AD-04EBC011C1B2}.Debug|Any CPU.Build.0 = Debug|Any CPU
		{D5668E23-4A65-4FA1-A1AD-04EBC011C1B2}.Release|Any CPU.ActiveCfg = Release|Any CPU
		{D5668E23-4A65-4FA1-A1AD-04EBC011C1B2}.Release|Any CPU.Build.0 = Release|Any CPU
		{920B580D-4D75-4DA5-90B5-324AD14B4876}.Debug|Any CPU.ActiveCfg = Debug|Any CPU
		{920B580D-4D75-4DA5-90B5-324AD14B4876}.Debug|Any CPU.Build.0 = Debug|Any CPU
		{920B580D-4D75-4DA5-90B5-324AD14B4876}.Release|Any CPU.ActiveCfg = Release|Any CPU
		{920B580D-4D75-4DA5-90B5-324AD14B4876}.Release|Any CPU.Build.0 = Release|Any CPU
		{2A352ABF-90BA-4D39-805B-85F6A31B169C}.Debug|Any CPU.ActiveCfg = Debug|Any CPU
		{2A352ABF-90BA-4D39-805B-85F6A31B169C}.Debug|Any CPU.Build.0 = Debug|Any CPU
		{2A352ABF-90BA-4D39-805B-85F6A31B169C}.Release|Any CPU.ActiveCfg = Release|Any CPU
		{2A352ABF-90BA-4D39-805B-85F6A31B169C}.Release|Any CPU.Build.0 = Release|Any CPU
		{DBA2D9EE-B1C7-4DDE-A301-D9D4F5B4C9EA}.Debug|Any CPU.ActiveCfg = Debug|Any CPU
		{DBA2D9EE-B1C7-4DDE-A301-D9D4F5B4C9EA}.Debug|Any CPU.Build.0 = Debug|Any CPU
		{DBA2D9EE-B1C7-4DDE-A301-D9D4F5B4C9EA}.Release|Any CPU.ActiveCfg = Release|Any CPU
		{DBA2D9EE-B1C7-4DDE-A301-D9D4F5B4C9EA}.Release|Any CPU.Build.0 = Release|Any CPU
		{17540EF6-4739-4E0D-B603-477CC0093164}.Debug|Any CPU.ActiveCfg = Debug|Any CPU
		{17540EF6-4739-4E0D-B603-477CC0093164}.Debug|Any CPU.Build.0 = Debug|Any CPU
		{17540EF6-4739-4E0D-B603-477CC0093164}.Release|Any CPU.ActiveCfg = Release|Any CPU
		{17540EF6-4739-4E0D-B603-477CC0093164}.Release|Any CPU.Build.0 = Release|Any CPU
		{39B66379-B309-48AA-BA22-107EDAD50336}.Debug|Any CPU.ActiveCfg = Debug|Any CPU
		{39B66379-B309-48AA-BA22-107EDAD50336}.Debug|Any CPU.Build.0 = Debug|Any CPU
		{39B66379-B309-48AA-BA22-107EDAD50336}.Release|Any CPU.ActiveCfg = Release|Any CPU
		{39B66379-B309-48AA-BA22-107EDAD50336}.Release|Any CPU.Build.0 = Release|Any CPU
	EndGlobalSection
	GlobalSection(SolutionProperties) = preSolution
		HideSolutionNode = FALSE
	EndGlobalSection
	GlobalSection(ExtensibilityGlobals) = postSolution
		SolutionGuid = {21D813A9-B99C-4BC1-A019-481581152A91}
	EndGlobalSection
EndGlobal
